
Microsoft Visual Studio Solution File, Format Version 12.00
# Visual Studio 14
VisualStudioVersion = 14.0.25420.1
MinimumVisualStudioVersion = 10.0.40219.1
Project("{FAE04EC0-301F-11D3-BF4B-00C04F79EFBC}") = "Collections", "Collections\Collections.csproj", "{BDF7F6FC-D348-4450-BF06-B4E3E09544CB}"
EndProject
Global
	GlobalSection(SolutionConfigurationPlatforms) = preSolution
		Debug|Any CPU = Debug|Any CPU
		Release|Any CPU = Release|Any CPU
	EndGlobalSection
	GlobalSection(ProjectConfigurationPlatforms) = postSolution
		{BDF7F6FC-D348-4450-BF06-B4E3E09544CB}.Debug|Any CPU.ActiveCfg = Debug|Any CPU
		{BDF7F6FC-D348-4450-BF06-B4E3E09544CB}.Debug|Any CPU.Build.0 = Debug|Any CPU
		{BDF7F6FC-D348-4450-BF06-B4E3E09544CB}.Release|Any CPU.ActiveCfg = Release|Any CPU
		{BDF7F6FC-D348-4450-BF06-B4E3E09544CB}.Release|Any CPU.Build.0 = Release|Any CPU
	EndGlobalSection
	GlobalSection(SolutionProperties) = preSolution
		HideSolutionNode = FALSE
	EndGlobalSection
EndGlobal
